
Microsoft Visual Studio Solution File, Format Version 12.00
Project("{FAE04EC0-301F-11D3-BF4B-00C04F79EFBC}") = "ConsoleApp1", "ConsoleApp1\ConsoleApp1.csproj", "{41428071-ED92-482C-BA11-111522F6EC17}"
EndProject
Project("{FAE04EC0-301F-11D3-BF4B-00C04F79EFBC}") = "ConsoleAppOOP", "ConsoleAppOOP\ConsoleAppOOP.csproj", "{5E42D9E8-11CD-4118-BAAC-7C58E5E52B3A}"
EndProject
Project("{FAE04EC0-301F-11D3-BF4B-00C04F79EFBC}") = "ConsoleAppHeroBatle", "ConsoleAppHeroBatle\ConsoleAppHeroBatle.csproj", "{D43DB43F-F639-44AA-BCC7-130E44FC3AC4}"
EndProject
Project("{FAE04EC0-301F-11D3-BF4B-00C04F79EFBC}") = "VirtualMethoden", "VirtualMethoden\VirtualMethoden.csproj", "{CFB6FA7B-5B18-48F9-A3F7-95009F9B3B4C}"
EndProject
Project("{FAE04EC0-301F-11D3-BF4B-00C04F79EFBC}") = "interfaces", "interfaces\interfaces.csproj", "{36128507-D937-446A-BF08-6B03AB708F82}"
EndProject
Project("{FAE04EC0-301F-11D3-BF4B-00C04F79EFBC}") = "MSTutorialsCs", "MSTutorialsCs\MSTutorialsCs.csproj", "{10D6C30D-2A40-47ED-8F79-6DC182CB0BBE}"
EndProject
Global
	GlobalSection(SolutionConfigurationPlatforms) = preSolution
		Debug|Any CPU = Debug|Any CPU
		Release|Any CPU = Release|Any CPU
	EndGlobalSection
	GlobalSection(ProjectConfigurationPlatforms) = postSolution
		{41428071-ED92-482C-BA11-111522F6EC17}.Debug|Any CPU.ActiveCfg = Debug|Any CPU
		{41428071-ED92-482C-BA11-111522F6EC17}.Debug|Any CPU.Build.0 = Debug|Any CPU
		{41428071-ED92-482C-BA11-111522F6EC17}.Release|Any CPU.ActiveCfg = Release|Any CPU
		{41428071-ED92-482C-BA11-111522F6EC17}.Release|Any CPU.Build.0 = Release|Any CPU
		{5E42D9E8-11CD-4118-BAAC-7C58E5E52B3A}.Debug|Any CPU.ActiveCfg = Debug|Any CPU
		{5E42D9E8-11CD-4118-BAAC-7C58E5E52B3A}.Debug|Any CPU.Build.0 = Debug|Any CPU
		{5E42D9E8-11CD-4118-BAAC-7C58E5E52B3A}.Release|Any CPU.ActiveCfg = Release|Any CPU
		{5E42D9E8-11CD-4118-BAAC-7C58E5E52B3A}.Release|Any CPU.Build.0 = Release|Any CPU
		{D43DB43F-F639-44AA-BCC7-130E44FC3AC4}.Debug|Any CPU.ActiveCfg = Debug|Any CPU
		{D43DB43F-F639-44AA-BCC7-130E44FC3AC4}.Debug|Any CPU.Build.0 = Debug|Any CPU
		{D43DB43F-F639-44AA-BCC7-130E44FC3AC4}.Release|Any CPU.ActiveCfg = Release|Any CPU
		{D43DB43F-F639-44AA-BCC7-130E44FC3AC4}.Release|Any CPU.Build.0 = Release|Any CPU
		{CFB6FA7B-5B18-48F9-A3F7-95009F9B3B4C}.Debug|Any CPU.ActiveCfg = Debug|Any CPU
		{CFB6FA7B-5B18-48F9-A3F7-95009F9B3B4C}.Debug|Any CPU.Build.0 = Debug|Any CPU
		{CFB6FA7B-5B18-48F9-A3F7-95009F9B3B4C}.Release|Any CPU.ActiveCfg = Release|Any CPU
		{CFB6FA7B-5B18-48F9-A3F7-95009F9B3B4C}.Release|Any CPU.Build.0 = Release|Any CPU
		{36128507-D937-446A-BF08-6B03AB708F82}.Debug|Any CPU.ActiveCfg = Debug|Any CPU
		{36128507-D937-446A-BF08-6B03AB708F82}.Debug|Any CPU.Build.0 = Debug|Any CPU
		{36128507-D937-446A-BF08-6B03AB708F82}.Release|Any CPU.ActiveCfg = Release|Any CPU
		{36128507-D937-446A-BF08-6B03AB708F82}.Release|Any CPU.Build.0 = Release|Any CPU
		{10D6C30D-2A40-47ED-8F79-6DC182CB0BBE}.Debug|Any CPU.ActiveCfg = Debug|Any CPU
		{10D6C30D-2A40-47ED-8F79-6DC182CB0BBE}.Debug|Any CPU.Build.0 = Debug|Any CPU
		{10D6C30D-2A40-47ED-8F79-6DC182CB0BBE}.Release|Any CPU.ActiveCfg = Release|Any CPU
		{10D6C30D-2A40-47ED-8F79-6DC182CB0BBE}.Release|Any CPU.Build.0 = Release|Any CPU
	EndGlobalSection
EndGlobal
